{
  "version": 4,
  "terraform_version": "0.12.18",
  "serial": 3,
  "lineage": "3194eb08-a1fc-148f-0894-f11da6ea6408",
  "outputs": {},
  "resources": [
    {
      "mode": "data",
      "type": "aws_caller_identity",
      "name": "dev",
      "provider": "provider.aws.dev",
      "instances": [
        {
          "schema_version": 0,
          "attributes": {
            "account_id": "131578276461",
            "arn": "arn:aws:iam::131578276461:user/david",
            "id": "2019-12-17 14:47:01.509338105 +0000 UTC",
            "user_id": "AIDAR5IVNFJW6K2HW7TIY"
          }
        }
      ]
    },
    {
      "mode": "data",
      "type": "aws_caller_identity",
      "name": "testing",
      "provider": "provider.aws.testing",
      "instances": [
        {
          "schema_version": 0,
          "attributes": {
            "account_id": "931366402038",
            "arn": "arn:aws:iam::931366402038:user/david",
            "id": "2019-12-17 14:46:56.600655838 +0000 UTC",
            "user_id": "AIDA5RWODO73OQKBLG2FE"
          }
        }
      ]
    },
    {
      "mode": "managed",
      "type": "aws_iam_role",
      "name": "testing_role",
      "provider": "provider.aws",
      "instances": [
        {
          "schema_version": 0,
          "attributes": {
            "arn": "arn:aws:iam::131578276461:role/david_testing_role",
            "assume_role_policy": "{\"Version\":\"2012-10-17\",\"Statement\":[{\"Effect\":\"Allow\",\"Principal\":{\"AWS\":\"arn:aws:iam::131578276461:root\"},\"Action\":\"sts:AssumeRole\",\"Condition\":{}}]}",
            "create_date": "2019-12-17T14:47:14Z",
            "description": "",
            "force_detach_policies": false,
            "id": "david_testing_role",
            "max_session_duration": 3600,
            "name": "david_testing_role",
            "name_prefix": null,
            "path": "/",
            "permissions_boundary": null,
            "tags": null,
            "unique_id": "AROAR5IVNFJW7HU2ZPRKY"
          },
          "private": "bnVsbA=="
        }
      ]
    }
  ]
}
